
Microsoft Visual Studio Solution File, Format Version 12.00
# Visual Studio Version 17
VisualStudioVersion = 17.11.35327.3
MinimumVisualStudioVersion = 10.0.40219.1
Project("{8BC9CEB8-8B4A-11D0-8D11-00A0C91BC942}") = "机房预约系统", "机房预约系统\机房预约系统.vcxproj", "{9352B501-934F-41DC-A0B5-2A7D3E7F34BF}"
EndProject
Global
	GlobalSection(SolutionConfigurationPlatforms) = preSolution
		Debug|x64 = Debug|x64
		Debug|x86 = Debug|x86
		Release|x64 = Release|x64
		Release|x86 = Release|x86
	EndGlobalSection
	GlobalSection(ProjectConfigurationPlatforms) = postSolution
		{9352B501-934F-41DC-A0B5-2A7D3E7F34BF}.Debug|x64.ActiveCfg = Debug|x64
		{9352B501-934F-41DC-A0B5-2A7D3E7F34BF}.Debug|x64.Build.0 = Debug|x64
		{9352B501-934F-41DC-A0B5-2A7D3E7F34BF}.Debug|x86.ActiveCfg = Debug|Win32
		{9352B501-934F-41DC-A0B5-2A7D3E7F34BF}.Debug|x86.Build.0 = Debug|Win32
		{9352B501-934F-41DC-A0B5-2A7D3E7F34BF}.Release|x64.ActiveCfg = Release|x64
		{9352B501-934F-41DC-A0B5-2A7D3E7F34BF}.Release|x64.Build.0 = Release|x64
		{9352B501-934F-41DC-A0B5-2A7D3E7F34BF}.Release|x86.ActiveCfg = Release|Win32
		{9352B501-934F-41DC-A0B5-2A7D3E7F34BF}.Release|x86.Build.0 = Release|Win32
	EndGlobalSection
	GlobalSection(SolutionProperties) = preSolution
		HideSolutionNode = FALSE
	EndGlobalSection
	GlobalSection(ExtensibilityGlobals) = postSolution
		SolutionGuid = {15ED1F16-5711-4D7F-B9B7-AB75E7F0EE20}
	EndGlobalSection
EndGlobal
